// !$*UTF8*$!
{
	archiveVersion = 1;
	classes = {
	};
	objectVersion = 46;
	objects = {

/* Begin PBXBuildFile section */
		F7822F541DE17598009229AE /* AppDelegate.swift in Sources */ = {isa = PBXBuildFile; fileRef = F7822F531DE17598009229AE /* AppDelegate.swift */; };
		F7822F561DE17598009229AE /* ViewController.swift in Sources */ = {isa = PBXBuildFile; fileRef = F7822F551DE17598009229AE /* ViewController.swift */; };
		F7822F591DE17598009229AE /* Main.storyboard in Resources */ = {isa = PBXBuildFile; fileRef = F7822F571DE17598009229AE /* Main.storyboard */; };
		F7822F5B1DE17598009229AE /* Assets.xcassets in Resources */ = {isa = PBXBuildFile; fileRef = F7822F5A1DE17598009229AE /* Assets.xcassets */; };
		F7822F5E1DE17598009229AE /* LaunchScreen.storyboard in Resources */ = {isa = PBXBuildFile; fileRef = F7822F5C1DE17598009229AE /* LaunchScreen.storyboard */; };
/* End PBXBuildFile section */

/* Begin PBXFileReference section */
		F7822F501DE17598009229AE /* Menu Bar Demo.app */ = {isa = PBXFileReference; explicitFileType = wrapper.application; includeInIndex = 0; path = "Menu Bar Demo.app"; sourceTree = BUILT_PRODUCTS_DIR; };
		F7822F531DE17598009229AE /* AppDelegate.swift */ = {isa = PBXFileReference; lastKnownFileType = sourcecode.swift; path = AppDelegate.swift; sourceTree = "<group>"; };
		F7822F551DE17598009229AE /* ViewController.swift */ = {isa = PBXFileReference; lastKnownFileType = sourcecode.swift; path = ViewController.swift; sourceTree = "<group>"; };
		F7822F581DE17598009229AE /* Base */ = {isa = PBXFileReference; lastKnownFileType = file.storyboard; name = Base; path = Base.lproj/Main.storyboard; sourceTree = "<group>"; };
		F7822F5A1DE17598009229AE /* Assets.xcassets */ = {isa = PBXFileReference; lastKnownFileType = folder.assetcatalog; path = Assets.xcassets; sourceTree = "<group>"; };
		F7822F5D1DE17598009229AE /* Base */ = {isa = PBXFileReference; lastKnownFileType = file.storyboard; name = Base; path = Base.lproj/LaunchScreen.storyboard; sourceTree = "<group>"; };
		F7822F5F1DE17598009229AE /* Info.plist */ = {isa = PBXFileReference; lastKnownFileType = text.plist.xml; path = Info.plist; sourceTree = "<group>"; };
/* End PBXFileReference section */

/* Begin PBXFrameworksBuildPhase section */
		F7822F4D1DE17598009229AE /* Frameworks */ = {
			isa = PBXFrameworksBuildPhase;
			buildActionMask = 2147483647;
			files = (
			);
			runOnlyForDeploymentPostprocessing = 0;
		};
/* End PBXFrameworksBuildPhase section */

/* Begin PBXGroup section */
		F7822F471DE17598009229AE = {
			isa = PBXGroup;
			children = (
				F7822F521DE17598009229AE /* Menu Bar Demo */,
				F7822F511DE17598009229AE /* Products */,
			);
			sourceTree = "<group>";
		};
		F7822F511DE17598009229AE /* Products */ = {
			isa = PBXGroup;
			children = (
				F7822F501DE17598009229AE /* Menu Bar Demo.app */,
			);
			name = Products;
			sourceTree = "<group>";
		};
		F7822F521DE17598009229AE /* Menu Bar Demo */ = {
			isa = PBXGroup;
			children = (
				F7822F531DE17598009229AE /* AppDelegate.swift */,
				F7822F551DE17598009229AE /* ViewController.swift */,
				F7822F571DE17598009229AE /* Main.storyboard */,
				F7822F5A1DE17598009229AE /* Assets.xcassets */,
				F7822F5C1DE17598009229AE /* LaunchScreen.storyboard */,
				F7822F5F1DE17598009229AE /* Info.plist */,
			);
			path = "Menu Bar Demo";
			sourceTree = "<group>";
		};
/* End PBXGroup section */

/* Begin PBXNativeTarget section */
		F7822F4F1DE17598009229AE /* Menu Bar Demo */ = {
			isa = PBXNativeTarget;
			buildConfigurationList = F7822F621DE17598009229AE /* Build configuration list for PBXNativeTarget "Menu Bar Demo" */;
			buildPhases = (
				F7822F4C1DE17598009229AE /* Sources */,
				F7822F4D1DE17598009229AE /* Frameworks */,
				F7822F4E1DE17598009229AE /* Resources */,
			);
			buildRules = (
			);
			dependencies = (
			);
			name = "Menu Bar Demo";
			productName = "Menu Bar Demo";
			productReference = F7822F501DE17598009229AE /* Menu Bar Demo.app */;
			productType = "com.apple.product-type.application";
		};
/* End PBXNativeTarget section */

/* Begin PBXProject section */
		F7822F481DE17598009229AE /* Project object */ = {
			isa = PBXProject;
			attributes = {
				LastSwiftUpdateCheck = 0810;
				LastUpgradeCheck = 0810;
				ORGANIZATIONNAME = RuiZou;
				TargetAttributes = {
					F7822F4F1DE17598009229AE = {
						CreatedOnToolsVersion = 8.1;
						ProvisioningStyle = Automatic;
					};
				};
			};
			buildConfigurationList = F7822F4B1DE17598009229AE /* Build configuration list for PBXProject "Menu Bar Demo" */;
			compatibilityVersion = "Xcode 3.2";
			developmentRegion = English;
			hasScannedForEncodings = 0;
			knownRegions = (
				en,
				Base,
			);
			mainGroup = F7822F471DE17598009229AE;
			productRefGroup = F7822F511DE17598009229AE /* Products */;
			projectDirPath = "";
			projectRoot = "";
			targets = (
				F7822F4F1DE17598009229AE /* Menu Bar Demo */,
			);
		};
/* End PBXProject section */

/* Begin PBXResourcesBuildPhase section */
		F7822F4E1DE17598009229AE /* Resources */ = {
			isa = PBXResourcesBuildPhase;
			buildActionMask = 2147483647;
			files = (
				F7822F5E1DE17598009229AE /* LaunchScreen.storyboard in Resources */,
				F7822F5B1DE17598009229AE /* Assets.xcassets in Resources */,
				F7822F591DE17598009229AE /* Main.storyboard in Resources */,
			);
			runOnlyForDeploymentPostprocessing = 0;
		};
/* End PBXResourcesBuildPhase section */

/* Begin PBXSourcesBuildPhase section */
		F7822F4C1DE17598009229AE /* Sources */ = {
			isa = PBXSourcesBuildPhase;
			buildActionMask = 2147483647;
			files = (
				F7822F561DE17598009229AE /* ViewController.swift in Sources */,
				F7822F541DE17598009229AE /* AppDelegate.swift in Sources */,
			);
			runOnlyForDeploymentPostprocessing = 0;
		};
/* End PBXSourcesBuildPhase section */

/* Begin PBXVariantGroup section */
		F7822F571DE17598009229AE /* Main.storyboard */ = {
			isa = PBXVariantGroup;
			children = (
				F7822F581DE17598009229AE /* Base */,
			);
			name = Main.storyboard;
			sourceTree = "<group>";
		};
		F7822F5C1DE17598009229AE /* LaunchScreen.storyboard */ = {
			isa = PBXVariantGroup;
			children = (
				F7822F5D1DE17598009229AE /* Base */,
			);
			name = LaunchScreen.storyboard;
			sourceTree = "<group>";
		};
/* End PBXVariantGroup section */

/* Begin XCBuildConfiguration section */
		F7822F601DE17598009229AE /* Debug */ = {
			isa = XCBuildConfiguration;
			buildSettings = {
				ALWAYS_SEARCH_USER_PATHS = NO;
				CLANG_ANALYZER_NONNULL = YES;
				CLANG_CXX_LANGUAGE_STANDARD = "gnu++0x";
				CLANG_CXX_LIBRARY = "libc++";
				CLANG_ENABLE_MODULES = YES;
				CLANG_ENABLE_OBJC_ARC = YES;
				CLANG_WARN_BOOL_CONVERSION = YES;
				CLANG_WARN_CONSTANT_CONVERSION = YES;
				CLANG_WARN_DIRECT_OBJC_ISA_USAGE = YES_ERROR;
				CLANG_WARN_DOCUMENTATION_COMMENTS = YES;
				CLANG_WARN_EMPTY_BODY = YES;
				CLANG_WARN_ENUM_CONVERSION = YES;
				CLANG_WARN_INFINITE_RECURSION = YES;
				CLANG_WARN_INT_CONVERSION = YES;
				CLANG_WARN_OBJC_ROOT_CLASS = YES_ERROR;
				CLANG_WARN_SUSPICIOUS_MOVES = YES;
				CLANG_WARN_UNREACHABLE_CODE = YES;
				CLANG_WARN__DUPLICATE_METHOD_MATCH = YES;
				"CODE_SIGN_IDENTITY[sdk=iphoneos*]" = "iPhone Developer";
				COPY_PHASE_STRIP = NO;
				DEBUG_INFORMATION_FORMAT = dwarf;
				ENABLE_STRICT_OBJC_MSGSEND = YES;
				ENABLE_TESTABILITY = YES;
				GCC_C_LANGUAGE_STANDARD = gnu99;
				GCC_DYNAMIC_NO_PIC = NO;
				GCC_NO_COMMON_BLOCKS = YES;
				GCC_OPTIMIZATION_LEVEL = 0;
				GCC_PREPROCESSOR_DEFINITIONS = (
					"DEBUG=1",
					"$(inherited)",
				);
				GCC_WARN_64_TO_32_BIT_CONVERSION = YES;
				GCC_WARN_ABOUT_RETURN_TYPE = YES_ERROR;
				GCC_WARN_UNDECLARED_SELECTOR = YES;
				GCC_WARN_UNINITIALIZED_AUTOS = YES_AGGRESSIVE;
				GCC_WARN_UNUSED_FUNCTION = YES;
				GCC_WARN_UNUSED_VARIABLE = YES;
				IPHONEOS_DEPLOYMENT_TARGET = 10.1;
				MTL_ENABLE_DEBUG_INFO = YES;
				ONLY_ACTIVE_ARCH = YES;
				SDKROOT = iphoneos;
				SWIFT_ACTIVE_COMPILATION_CONDITIONS = DEBUG;
				SWIFT_OPTIMIZATION_LEVEL = "-Onone";
			};
			name = Debug;
		};
		F7822F611DE17598009229AE /* Release */ = {
			isa = XCBuildConfiguration;
			buildSettings = {
				ALWAYS_SEARCH_USER_PATHS = NO;
				CLANG_ANALYZER_NONNULL = YES;
				CLANG_CXX_LANGUAGE_STANDARD = "gnu++0x";
				CLANG_CXX_LIBRARY = "libc++";
				CLANG_ENABLE_MODULES = YES;
				CLANG_ENABLE_OBJC_ARC = YES;
				CLANG_WARN_BOOL_CONVERSION = YES;
				CLANG_WARN_CONSTANT_CONVERSION = YES;
				CLANG_WARN_DIRECT_OBJC_ISA_USAGE = YES_ERROR;
				CLANG_WARN_DOCUMENTATION_COMMENTS = YES;
				CLANG_WARN_EMPTY_BODY = YES;
				CLANG_WARN_ENUM_CONVERSION = YES;
				CLANG_WARN_INFINITE_RECURSION = YES;
				CLANG_WARN_INT_CONVERSION = YES;
				CLANG_WARN_OBJC_ROOT_CLASS = YES_ERROR;
				CLANG_WARN_SUSPICIOUS_MOVES = YES;
				CLANG_WARN_UNREACHABLE_CODE = YES;
				CLANG_WARN__DUPLICATE_METHOD_MATCH = YES;
				"CODE_SIGN_IDENTITY[sdk=iphoneos*]" = "iPhone Developer";
				COPY_PHASE_STRIP = NO;
				DEBUG_INFORMATION_FORMAT = "dwarf-with-dsym";
				ENABLE_NS_ASSERTIONS = NO;
				ENABLE_STRICT_OBJC_MSGSEND = YES;
				GCC_C_LANGUAGE_STANDARD = gnu99;
				GCC_NO_COMMON_BLOCKS = YES;
				GCC_WARN_64_TO_32_BIT_CONVERSION = YES;
				GCC_WARN_ABOUT_RETURN_TYPE = YES_ERROR;
				GCC_WARN_UNDECLARED_SELECTOR = YES;
				GCC_WARN_UNINITIALIZED_AUTOS = YES_AGGRESSIVE;
				GCC_WARN_UNUSED_FUNCTION = YES;
				GCC_WARN_UNUSED_VARIABLE = YES;
				IPHONEOS_DEPLOYMENT_TARGET = 10.1;
				MTL_ENABLE_DEBUG_INFO = NO;
				SDKROOT = iphoneos;
				SWIFT_OPTIMIZATION_LEVEL = "-Owholemodule";
				VALIDATE_PRODUCT = YES;
			};
			name = Release;
		};
		F7822F631DE17598009229AE /* Debug */ = {
			isa = XCBuildConfiguration;
			buildSettings = {
				ASSETCATALOG_COMPILER_APPICON_NAME = AppIcon;
				INFOPLIST_FILE = "Menu Bar Demo/Info.plist";
				LD_RUNPATH_SEARCH_PATHS = "$(inherited) @executable_path/Frameworks";
				PRODUCT_BUNDLE_IDENTIFIER = "com.suddenlyjune.iOSDevelopment.Menu-Bar-Demo";
				PRODUCT_NAME = "$(TARGET_NAME)";
				SWIFT_VERSION = 3.0;
			};
			name = Debug;
		};
		F7822F641DE17598009229AE /* Release */ = {
			isa = XCBuildConfiguration;
			buildSettings = {
				ASSETCATALOG_COMPILER_APPICON_NAME = AppIcon;
				INFOPLIST_FILE = "Menu Bar Demo/Info.plist";
				LD_RUNPATH_SEARCH_PATHS = "$(inherited) @executable_path/Frameworks";
				PRODUCT_BUNDLE_IDENTIFIER = "com.suddenlyjune.iOSDevelopment.Menu-Bar-Demo";
				PRODUCT_NAME = "$(TARGET_NAME)";
				SWIFT_VERSION = 3.0;
			};
			name = Release;
		};
/* End XCBuildConfiguration section */

/* Begin XCConfigurationList section */
		F7822F4B1DE17598009229AE /* Build configuration list for PBXProject "Menu Bar Demo" */ = {
			isa = XCConfigurationList;
			buildConfigurations = (
				F7822F601DE17598009229AE /* Debug */,
				F7822F611DE17598009229AE /* Release */,
			);
			defaultConfigurationIsVisible = 0;
			defaultConfigurationName = Release;
		};
		F7822F621DE17598009229AE /* Build configuration list for PBXNativeTarget "Menu Bar Demo" */ = {
			isa = XCConfigurationList;
			buildConfigurations = (
				F7822F631DE17598009229AE /* Debug */,
				F7822F641DE17598009229AE /* Release */,
			);
			defaultConfigurationIsVisible = 0;
		};
/* End XCConfigurationList section */
	};
	rootObject = F7822F481DE17598009229AE /* Project object */;
}
